
Microsoft Visual Studio Solution File, Format Version 12.00
# Visual Studio Version 17
VisualStudioVersion = 17.14.36301.6 d17.14
MinimumVisualStudioVersion = 10.0.40219.1
Project("{FAE04EC0-301F-11D3-BF4B-00C04F79EFBC}") = "Proje_Hastane", "Proje_Hastane\Proje_Hastane.csproj", "{F8B2C5D6-87D6-4B60-AD5B-77C55C739D6F}"
EndProject
Global
	GlobalSection(SolutionConfigurationPlatforms) = preSolution
		Debug|Any CPU = Debug|Any CPU
		Release|Any CPU = Release|Any CPU
	EndGlobalSection
	GlobalSection(ProjectConfigurationPlatforms) = postSolution
		{F8B2C5D6-87D6-4B60-AD5B-77C55C739D6F}.Debug|Any CPU.ActiveCfg = Debug|Any CPU
		{F8B2C5D6-87D6-4B60-AD5B-77C55C739D6F}.Debug|Any CPU.Build.0 = Debug|Any CPU
		{F8B2C5D6-87D6-4B60-AD5B-77C55C739D6F}.Release|Any CPU.ActiveCfg = Release|Any CPU
		{F8B2C5D6-87D6-4B60-AD5B-77C55C739D6F}.Release|Any CPU.Build.0 = Release|Any CPU
	EndGlobalSection
	GlobalSection(SolutionProperties) = preSolution
		HideSolutionNode = FALSE
	EndGlobalSection
	GlobalSection(ExtensibilityGlobals) = postSolution
		SolutionGuid = {C8E7170E-0A12-43B5-8D50-1E600599DEA2}
	EndGlobalSection
EndGlobal
